
Microsoft Visual Studio Solution File, Format Version 12.00
# Visual Studio Version 16
VisualStudioVersion = 16.0.31605.320
MinimumVisualStudioVersion = 10.0.40219.1
Project("{9A19103F-16F7-4668-BE54-9A1E7A4F7556}") = "Multithreading", "Multithreading\Multithreading.csproj", "{33C34B4F-A607-46E4-BAC3-DC541F7B75B1}"
EndProject
Project("{FAE04EC0-301F-11D3-BF4B-00C04F79EFBC}") = "MT001", "MT001\MT001.csproj", "{371D71E8-090B-4A90-9E67-88118A1C9B78}"
EndProject
Project("{FAE04EC0-301F-11D3-BF4B-00C04F79EFBC}") = "MT002", "MT002\MT002.csproj", "{3EF3756C-C172-46A5-B518-6635892DBFF7}"
EndProject
Project("{FAE04EC0-301F-11D3-BF4B-00C04F79EFBC}") = "TaskParallelLibrary", "TaskParallelLibrary\TaskParallelLibrary.csproj", "{716D0E20-0EB5-4C2B-BEFD-5392BE38DEE7}"
EndProject
Project("{FAE04EC0-301F-11D3-BF4B-00C04F79EFBC}") = "TPL002", "TPL002\TPL002.csproj", "{B7AD645F-45BE-4182-9D79-CBAA00A552C3}"
EndProject
Project("{FAE04EC0-301F-11D3-BF4B-00C04F79EFBC}") = "TPL003", "TPL003\TPL003.csproj", "{7D6BBAFA-5529-4DF9-93E3-BDFF69C967C2}"
EndProject
Project("{FAE04EC0-301F-11D3-BF4B-00C04F79EFBC}") = "TPL004", "TPL004\TPL004.csproj", "{FB67265B-69BE-4815-8ECA-33BDBCA05EA3}"
EndProject
Project("{FAE04EC0-301F-11D3-BF4B-00C04F79EFBC}") = "TPL005", "TPL005\TPL005.csproj", "{06E72EBA-C5BF-4FEE-9E51-FD8971DF159E}"
EndProject
Global
	GlobalSection(SolutionConfigurationPlatforms) = preSolution
		Debug|Any CPU = Debug|Any CPU
		Release|Any CPU = Release|Any CPU
	EndGlobalSection
	GlobalSection(ProjectConfigurationPlatforms) = postSolution
		{33C34B4F-A607-46E4-BAC3-DC541F7B75B1}.Debug|Any CPU.ActiveCfg = Debug|Any CPU
		{33C34B4F-A607-46E4-BAC3-DC541F7B75B1}.Debug|Any CPU.Build.0 = Debug|Any CPU
		{33C34B4F-A607-46E4-BAC3-DC541F7B75B1}.Release|Any CPU.ActiveCfg = Release|Any CPU
		{33C34B4F-A607-46E4-BAC3-DC541F7B75B1}.Release|Any CPU.Build.0 = Release|Any CPU
		{371D71E8-090B-4A90-9E67-88118A1C9B78}.Debug|Any CPU.ActiveCfg = Debug|Any CPU
		{371D71E8-090B-4A90-9E67-88118A1C9B78}.Debug|Any CPU.Build.0 = Debug|Any CPU
		{371D71E8-090B-4A90-9E67-88118A1C9B78}.Release|Any CPU.ActiveCfg = Release|Any CPU
		{371D71E8-090B-4A90-9E67-88118A1C9B78}.Release|Any CPU.Build.0 = Release|Any CPU
		{3EF3756C-C172-46A5-B518-6635892DBFF7}.Debug|Any CPU.ActiveCfg = Debug|Any CPU
		{3EF3756C-C172-46A5-B518-6635892DBFF7}.Debug|Any CPU.Build.0 = Debug|Any CPU
		{3EF3756C-C172-46A5-B518-6635892DBFF7}.Release|Any CPU.ActiveCfg = Release|Any CPU
		{3EF3756C-C172-46A5-B518-6635892DBFF7}.Release|Any CPU.Build.0 = Release|Any CPU
		{716D0E20-0EB5-4C2B-BEFD-5392BE38DEE7}.Debug|Any CPU.ActiveCfg = Debug|Any CPU
		{716D0E20-0EB5-4C2B-BEFD-5392BE38DEE7}.Debug|Any CPU.Build.0 = Debug|Any CPU
		{716D0E20-0EB5-4C2B-BEFD-5392BE38DEE7}.Release|Any CPU.ActiveCfg = Release|Any CPU
		{716D0E20-0EB5-4C2B-BEFD-5392BE38DEE7}.Release|Any CPU.Build.0 = Release|Any CPU
		{B7AD645F-45BE-4182-9D79-CBAA00A552C3}.Debug|Any CPU.ActiveCfg = Debug|Any CPU
		{B7AD645F-45BE-4182-9D79-CBAA00A552C3}.Debug|Any CPU.Build.0 = Debug|Any CPU
		{B7AD645F-45BE-4182-9D79-CBAA00A552C3}.Release|Any CPU.ActiveCfg = Release|Any CPU
		{B7AD645F-45BE-4182-9D79-CBAA00A552C3}.Release|Any CPU.Build.0 = Release|Any CPU
		{7D6BBAFA-5529-4DF9-93E3-BDFF69C967C2}.Debug|Any CPU.ActiveCfg = Debug|Any CPU
		{7D6BBAFA-5529-4DF9-93E3-BDFF69C967C2}.Debug|Any CPU.Build.0 = Debug|Any CPU
		{7D6BBAFA-5529-4DF9-93E3-BDFF69C967C2}.Release|Any CPU.ActiveCfg = Release|Any CPU
		{7D6BBAFA-5529-4DF9-93E3-BDFF69C967C2}.Release|Any CPU.Build.0 = Release|Any CPU
		{FB67265B-69BE-4815-8ECA-33BDBCA05EA3}.Debug|Any CPU.ActiveCfg = Debug|Any CPU
		{FB67265B-69BE-4815-8ECA-33BDBCA05EA3}.Debug|Any CPU.Build.0 = Debug|Any CPU
		{FB67265B-69BE-4815-8ECA-33BDBCA05EA3}.Release|Any CPU.ActiveCfg = Release|Any CPU
		{FB67265B-69BE-4815-8ECA-33BDBCA05EA3}.Release|Any CPU.Build.0 = Release|Any CPU
		{06E72EBA-C5BF-4FEE-9E51-FD8971DF159E}.Debug|Any CPU.ActiveCfg = Debug|Any CPU
		{06E72EBA-C5BF-4FEE-9E51-FD8971DF159E}.Debug|Any CPU.Build.0 = Debug|Any CPU
		{06E72EBA-C5BF-4FEE-9E51-FD8971DF159E}.Release|Any CPU.ActiveCfg = Release|Any CPU
		{06E72EBA-C5BF-4FEE-9E51-FD8971DF159E}.Release|Any CPU.Build.0 = Release|Any CPU
	EndGlobalSection
	GlobalSection(SolutionProperties) = preSolution
		HideSolutionNode = FALSE
	EndGlobalSection
	GlobalSection(ExtensibilityGlobals) = postSolution
		SolutionGuid = {7F6C1A8B-082E-4F1E-B12B-4F01B76539BC}
	EndGlobalSection
EndGlobal
